
Microsoft Visual Studio Solution File, Format Version 12.00
# Visual Studio 15
VisualStudioVersion = 15.0.28307.421
MinimumVisualStudioVersion = 10.0.40219.1
Project("{9A19103F-16F7-4668-BE54-9A1E7A4F7556}") = "L10_C01_class_fields_person_properties", "L10_C01_class_fields_person_properties\L10_C01_class_fields_person_properties.csproj", "{663676EF-5B30-4940-80C7-7DF472563471}"
EndProject
Project("{9A19103F-16F7-4668-BE54-9A1E7A4F7556}") = "L10_C02_class_fields_pet_SW", "L10_C02_class_fields_pet_SW\L10_C02_class_fields_pet_SW.csproj", "{E5F5F5B4-8F6F-4E71-B272-919FCC477D3C}"
EndProject
Project("{9A19103F-16F7-4668-BE54-9A1E7A4F7556}") = "L10_C03_class_fields_person_readonly", "L10_C03_class_fields_person_readonly\L10_C03_class_fields_person_readonly.csproj", "{59B39693-6FA6-4A2B-9C48-30EDEE7980A8}"
EndProject
Project("{9A19103F-16F7-4668-BE54-9A1E7A4F7556}") = "L10_C04_class_fields_pet_readonly_SW", "L10_C04_class_fields_pet_readonly_SW\L10_C04_class_fields_pet_readonly_SW.csproj", "{E114391A-9001-4F84-B4A2-BC6006C65679}"
EndProject
Global
	GlobalSection(SolutionConfigurationPlatforms) = preSolution
		Debug|Any CPU = Debug|Any CPU
		Release|Any CPU = Release|Any CPU
	EndGlobalSection
	GlobalSection(ProjectConfigurationPlatforms) = postSolution
		{663676EF-5B30-4940-80C7-7DF472563471}.Debug|Any CPU.ActiveCfg = Debug|Any CPU
		{663676EF-5B30-4940-80C7-7DF472563471}.Debug|Any CPU.Build.0 = Debug|Any CPU
		{663676EF-5B30-4940-80C7-7DF472563471}.Release|Any CPU.ActiveCfg = Release|Any CPU
		{663676EF-5B30-4940-80C7-7DF472563471}.Release|Any CPU.Build.0 = Release|Any CPU
		{E5F5F5B4-8F6F-4E71-B272-919FCC477D3C}.Debug|Any CPU.ActiveCfg = Debug|Any CPU
		{E5F5F5B4-8F6F-4E71-B272-919FCC477D3C}.Debug|Any CPU.Build.0 = Debug|Any CPU
		{E5F5F5B4-8F6F-4E71-B272-919FCC477D3C}.Release|Any CPU.ActiveCfg = Release|Any CPU
		{E5F5F5B4-8F6F-4E71-B272-919FCC477D3C}.Release|Any CPU.Build.0 = Release|Any CPU
		{59B39693-6FA6-4A2B-9C48-30EDEE7980A8}.Debug|Any CPU.ActiveCfg = Debug|Any CPU
		{59B39693-6FA6-4A2B-9C48-30EDEE7980A8}.Debug|Any CPU.Build.0 = Debug|Any CPU
		{59B39693-6FA6-4A2B-9C48-30EDEE7980A8}.Release|Any CPU.ActiveCfg = Release|Any CPU
		{59B39693-6FA6-4A2B-9C48-30EDEE7980A8}.Release|Any CPU.Build.0 = Release|Any CPU
		{E114391A-9001-4F84-B4A2-BC6006C65679}.Debug|Any CPU.ActiveCfg = Debug|Any CPU
		{E114391A-9001-4F84-B4A2-BC6006C65679}.Debug|Any CPU.Build.0 = Debug|Any CPU
		{E114391A-9001-4F84-B4A2-BC6006C65679}.Release|Any CPU.ActiveCfg = Release|Any CPU
		{E114391A-9001-4F84-B4A2-BC6006C65679}.Release|Any CPU.Build.0 = Release|Any CPU
	EndGlobalSection
	GlobalSection(SolutionProperties) = preSolution
		HideSolutionNode = FALSE
	EndGlobalSection
	GlobalSection(ExtensibilityGlobals) = postSolution
		SolutionGuid = {A9C8CBF4-FBD9-4404-A173-C64041F09F5F}
	EndGlobalSection
EndGlobal
