
Microsoft Visual Studio Solution File, Format Version 12.00
# Visual Studio Version 16
VisualStudioVersion = 16.0.29201.188
MinimumVisualStudioVersion = 10.0.40219.1
Project("{FAE04EC0-301F-11D3-BF4B-00C04F79EFBC}") = "Logger", "Logger\Logger.csproj", "{0A78C08D-0090-4736-9776-06DC7CA5A18C}"
EndProject
Global
	GlobalSection(SolutionConfigurationPlatforms) = preSolution
		Debug|Any CPU = Debug|Any CPU
		Release|Any CPU = Release|Any CPU
	EndGlobalSection
	GlobalSection(ProjectConfigurationPlatforms) = postSolution
		{0A78C08D-0090-4736-9776-06DC7CA5A18C}.Debug|Any CPU.ActiveCfg = Debug|Any CPU
		{0A78C08D-0090-4736-9776-06DC7CA5A18C}.Debug|Any CPU.Build.0 = Debug|Any CPU
		{0A78C08D-0090-4736-9776-06DC7CA5A18C}.Release|Any CPU.ActiveCfg = Release|Any CPU
		{0A78C08D-0090-4736-9776-06DC7CA5A18C}.Release|Any CPU.Build.0 = Release|Any CPU
	EndGlobalSection
	GlobalSection(SolutionProperties) = preSolution
		HideSolutionNode = FALSE
	EndGlobalSection
	GlobalSection(ExtensibilityGlobals) = postSolution
		SolutionGuid = {D5E614D9-10AD-4DF6-A2D7-5F3039D4E04C}
	EndGlobalSection
EndGlobal
